# This file is automatically @generated by Cargo.
# It is not intended for manual editing.
version = 3

[[package]]
name = "ts-compiler"
version = "0.1.0"

[[package]]
name = "ts-parser"
version = "0.1.0"

[[package]]
name = "ts-runtime"
version = "0.1.0"

[[package]]
name = "ts-std"
version = "0.1.0"
